lockfileVersion: '9.0'

settings:
  autoInstallPeers: true
  excludeLinksFromLockfile: false

importers:

  .:
    dependencies:
      '@deepseek-ai/schemastery':
        specifier: ^3.18.1
        version: 3.18.4
      ssh-config:
        specifier: 5.3.0
        version: 5.3.0
      ssh2:
        specifier: 1.17.0
        version: 1.17.0
      tsx:
        specifier: ^4.23.13
        version: 4.23.15
      yaml:
        specifier: ^2.9.1
        version: 2.9.1
    devDependencies:
      '@deepseek-ai/cordis':
        specifier: ^4.0.4
        version: 4.0.4
      '@deepseek-ai/dsh-client-connection':
        specifier: 0.1.7-rc.2
        version: 0.1.7-rc.2(@deepseek-ai/cordis@4.0.4)(@deepseek-ai/dsh-invariants@0.1.7-rc.2(@deepseek-ai/cordis@4.0.4))(@deepseek-ai/dsh-scope@0.1.7-rc.2(@deepseek-ai/cordis@4.0.4)(@deepseek-ai/dsh-invariants@0.1.7-rc.2(@deepseek-ai/cordis@4.0.4)))
      '@deepseek-ai/dsh-client-locale':
        specifier: 0.1.7-rc.2
        version: 0.1.7-rc.2(@deepseek-ai/cordis@4.0.4)
      '@deepseek-ai/dsh-client-ui-layout':
        specifier: 0.1.7-rc.2
        version: 0.1.7-rc.2(@deepseek-ai/cordis@4.0.4)
      '@deepseek-ai/dsh-client-ui-renderer':
        specifier: 0.1.7-rc.2
        version: 0.1.7-rc.2(@deepseek-ai/cordis@4.0.4)
      '@deepseek-ai/dsh-client-ui-sidebar':
        specifier: 0.1.7-rc.2
        version: 0.1.7-rc.2(@deepseek-ai/cordis@4.0.4)
      '@deepseek-ai/dsh-client-ui-slots':
        specifier: 0.1.7-rc.2
        version: 0.1.7-rc.2(@deepseek-ai/cordis@4.0.4)
      '@deepseek-ai/dsh-commands':
        specifier: 0.1.7-rc.2
        version: 0.1.7-rc.2(@deepseek-ai/cordis@4.0.4)(@deepseek-ai/dsh-agent@0.1.7-rc.2(60fa28e8b0153eb1629182d877696c60))(@deepseek-ai/dsh-attachment@0.1.7-rc.2(@deepseek-ai/cordis@4.0.4)(@deepseek-ai/dsh-brand@0.1.7-rc.2(@deepseek-ai/cordis@4.0.4)))(@deepseek-ai/dsh-brand@0.1.7-rc.2(@deepseek-ai/cordis@4.0.4))(@deepseek-ai/dsh-invariants@0.1.7-rc.2(@deepseek-ai/cordis@4.0.4))(@deepseek-ai/dsh-llm@0.1.7-rc.2(@deepseek-ai/cordis@4.0.4))(@deepseek-ai/dsh-scope@0.1.7-rc.2(@deepseek-ai/cordis@4.0.4)(@deepseek-ai/dsh-invariants@0.1.7-rc.2(@deepseek-ai/cordis@4.0.4)))(@deepseek-ai/dsh-session@0.1.7-rc.2(@deepseek-ai/cordis@4.0.4)(@deepseek-ai/dsh-scope@0.1.7-rc.2(@deepseek-ai/cordis@4.0.4)(@deepseek-ai/dsh-invariants@0.1.7-rc.2(@deepseek-ai/cordis@4.0.4))))(@deepseek-ai/dsh-typert-protocol@0.1.7-rc.2(@deepseek-ai/cordis@4.0.4))
      '@deepseek-ai/dsh-host-webserver':
        specifier: 0.1.7-rc.2
        version: 0.1.7-rc.2(@deepseek-ai/cordis@4.0.4)
      '@deepseek-ai/dsh-system-prompt':
        specifier: 0.1.7-rc.2
        version: 0.1.7-rc.2(@deepseek-ai/cordis@4.0.4)(@deepseek-ai/dsh-invariants@0.1.7-rc.2(@deepseek-ai/cordis@4.0.4))(@deepseek-ai/dsh-llm@0.1.7-rc.2(@deepseek-ai/cordis@4.0.4))(@deepseek-ai/dsh-scope@0.1.7-rc.2(@deepseek-ai/cordis@4.0.4)(@deepseek-ai/dsh-invariants@0.1.7-rc.2(@deepseek-ai/cordis@4.0.4)))
      '@deepseek-ai/dsh-tools':
        specifier: 0.1.7-rc.2
        version: 0.1.7-rc.2(ead59e2384682bf741eae1c9eaa56bcd)
      '@types/node':
        specifier: ^22.0.0
        version: 22.20.4
      '@types/react':
        specifier: ^18.2.0
        version: 18.3.31
      '@types/ssh2':
        specifier: ^1.15.0
        version: 1.15.6
      esbuild:
        specifier: ~0.28.0
        version: 0.28.2
      react:
        specifier: ^18.2.0
        version: 18.3.1
      typescript:
        specifier: ^5.7.0
        version: 5.9.3

packages:

  '@deepseek-ai/cordis@4.0.4':
    resolution: {integrity: sha512-obgyxqWAmFn3Re8kvsuUnyW+ihrz6eJCnJO4fh1cQzDtmPYz/zzVeUkH9R94I0OwSVOocK67Kgakm04j/oQXzg==}
    hasBin: true
    peerDependencies:
      '@deepseek-ai/cordis-plugin-include': ~1.0.9
      '@deepseek-ai/cordis-plugin-loader': ~1.0.5
    peerDependenciesMeta:
      '@deepseek-ai/cordis-plugin-include':
        optional: true
      '@deepseek-ai/cordis-plugin-loader':
        optional: true

  '@deepseek-ai/cosmokit@1.8.5':
    resolution: {integrity: sha512-LXsrlem9z8dq4sLflj2yuCuYX7KqhdzF5hZly3eZyuTo8d6oDSOXuEgC5DbQWKW+lksm6zmOutQLsP/ma6wR6A==}

  '@deepseek-ai/dsh-agent@0.1.7-rc.2':
    resolution: {integrity: sha512-9U/zHZvZqRR5S2FD9fjjAuoMh+WfDan+bE/cLBLSLpqftjZ0FhIlEBK99yonUkNkGemyHiH/lL3jCKYw35ahJA==}
    peerDependencies:
      '@deepseek-ai/cordis': ~4.0.4
      '@deepseek-ai/dsh-invariants': 0.1.7-rc.2
      '@deepseek-ai/dsh-llm': 0.1.7-rc.2
      '@deepseek-ai/dsh-scope': 0.1.7-rc.2
      '@deepseek-ai/dsh-session': 0.1.7-rc.2
      '@deepseek-ai/dsh-session-projection': 0.1.7-rc.2
      '@deepseek-ai/dsh-system-prompt': 0.1.7-rc.2
      '@deepseek-ai/dsh-typert-protocol': 0.1.7-rc.2
      '@deepseek-ai/dsh-util-values': 0.1.7-rc.2
      '@deepseek-ai/dsh-workspace': 0.1.7-rc.2
    peerDependenciesMeta:
      '@deepseek-ai/dsh-workspace':
        optional: true

  '@deepseek-ai/dsh-attachment@0.1.7-rc.2':
    resolution: {integrity: sha512-g2SQ12Ki1l28T/H+fZKtSWDFF5Y1gavcKVBb2X4eOVX5uT5Jwumx+9Svelp1pHaknuAE1N2Yt9tMwj2quMkhDg==}
    peerDependencies:
      '@deepseek-ai/cordis': ~4.0.4
      '@deepseek-ai/dsh-brand': 0.1.7-rc.2

  '@deepseek-ai/dsh-brand@0.1.7-rc.2':
    resolution: {integrity: sha512-cvcvlNRuiFqZNNqyxdu7wcpiBjd9xa/0MpuhRvee43zBp9uED2p5JolZr5/2EKJf57gYx9k9bedb+Zbyiqnpkw==}
    peerDependencies:
      '@deepseek-ai/cordis': ~4.0.4

  '@deepseek-ai/dsh-client-connection@0.1.7-rc.2':
    resolution: {integrity: sha512-Wc2ANM5NO3Ri+p8wBoVnPxTYxz++zYSuEoVOhd498WMY779w0RCgWfRzHekPY5ftJX/G02qzWNHe0yBIoTpXXw==}
    peerDependencies:
      '@deepseek-ai/cordis': ~4.0.4
      '@deepseek-ai/dsh-scope': 0.1.7-rc.2

  '@deepseek-ai/dsh-client-locale@0.1.7-rc.2':
    resolution: {integrity: sha512-zkRt/JrBvS7w1TPi/dOo0QCqjkcAApq7nNoeIL2lX0VlzwHD86Hrg/n/YJJlg1i0nvOEtZDibR9FGwa/X2wpvA==}
    peerDependencies:
      '@deepseek-ai/cordis': ~4.0.4

  '@deepseek-ai/dsh-client-ui-layout@0.1.7-rc.2':
    resolution: {integrity: sha512-od2Q5A3SxiOO5V1Mi35lmm64LQLNjew+HgigjTC9oLpCkb+es739VQeWPdUnzWP/+4WVIyQ2+SbHMLZiyB5jVg==}
    peerDependencies:
      '@deepseek-ai/cordis': ~4.0.4

  '@deepseek-ai/dsh-client-ui-renderer@0.1.7-rc.2':
    resolution: {integrity: sha512-GdOE1zyespclxrcCGPTWk8+TQKQy3tUNC2Ch+4eoAyzp1GD4hmQNyzwFIiQDLB6Bwc7kv+8cWc51sbjr5/2vNg==}
    peerDependencies:
      '@deepseek-ai/cordis': ~4.0.4

  '@deepseek-ai/dsh-client-ui-sidebar@0.1.7-rc.2':
    resolution: {integrity: sha512-/rzmtzk5Wg89zkT03nPGD/yYx9x1MD2ircBb9zIaLB9+DMBUFNjHJh5htYmYFxN7ldNEa6zDnmcx0N6jg1xnPg==}
    peerDependencies:
      '@deepseek-ai/cordis': ~4.0.4

  '@deepseek-ai/dsh-client-ui-slots@0.1.7-rc.2':
    resolution: {integrity: sha512-83cd5owHfNMGIc5THEkMw1L6iKj/tl2m3thQhVGWp2p3Y+QAPh2hIrIQCNI+i97cH+7SsIsUIoCIoB0mu51aqQ==}
    peerDependencies:
      '@deepseek-ai/cordis': ~4.0.4

  '@deepseek-ai/dsh-commands@0.1.7-rc.2':
    resolution: {integrity: sha512-wVAHwHNDLDNBKXJZU2rHnwc+e3mhi6EuazAfJmqtbzU/ldQVEoJ9f5eXqesBcdQbRIrWQlpjfjdlw3nCJfK2HQ==}
    peerDependencies:
      '@deepseek-ai/cordis': ~4.0.4
      '@deepseek-ai/dsh-agent': 0.1.7-rc.2
      '@deepseek-ai/dsh-attachment': 0.1.7-rc.2
      '@deepseek-ai/dsh-brand': 0.1.7-rc.2
      '@deepseek-ai/dsh-invariants': 0.1.7-rc.2
      '@deepseek-ai/dsh-llm': 0.1.7-rc.2
      '@deepseek-ai/dsh-scope': 0.1.7-rc.2
      '@deepseek-ai/dsh-session': 0.1.7-rc.2
      '@deepseek-ai/dsh-typert-protocol': 0.1.7-rc.2

  '@deepseek-ai/dsh-credentials@0.1.7-rc.2':
    resolution: {integrity: sha512-Zi5MCL+o2bphuvWcfFsaRmg6eIafkjCa758+DVB2ac2tt5hzXLoKhwSku4YVhvhZYJan8TP87abIzyGr5z1X5g==}
    peerDependencies:
      '@deepseek-ai/cordis': ~4.0.4
      '@deepseek-ai/dsh-invariants': 0.1.7-rc.2

  '@deepseek-ai/dsh-host-webserver@0.1.7-rc.2':
    resolution: {integrity: sha512-0ex5NsJFvpqchfnar/IPtNOG5Tx7PmtUO3/zVptT4MJs5OOrvtjNYHpZ6DGntmnpupgXnci1cUsQJIfG3D+U+Q==}
    peerDependencies:
      '@deepseek-ai/cordis': ~4.0.4

  '@deepseek-ai/dsh-invariants@0.1.7-rc.2':
    resolution: {integrity: sha512-GY2lY2TUUH2Qk1ZnrB3Q5+lXSh4webn1kbt5nQfhojVmNbist/f3dJC8JJa7XXOUNvqAgqRN9IZ4egbDZ9LLxQ==}
    peerDependencies:
      '@deepseek-ai/cordis': ~4.0.4

  '@deepseek-ai/dsh-llm@0.1.7-rc.2':
    resolution: {integrity: sha512-hNT3ovFnbNDQ8g544bh2Q9ORX40aI6Y+jhjer1lETeHS4g0jTjqUUVfARCTA7uAFvHucSBg2rFgbisIktmJCxw==}
    peerDependencies:
      '@deepseek-ai/cordis': ~4.0.4

  '@deepseek-ai/dsh-ptc-runtime@0.1.7-rc.2':
    resolution: {integrity: sha512-zRFwSSUgTpKuFQTVwnuNO4067Gyi//4C4RRLaUntXaHkZv3z1S07f1fTaYwX4+ubIIAuAVeEsczxf6tPgZ8P5g==}
    peerDependencies:
      '@deepseek-ai/cordis': ~4.0.4
      '@deepseek-ai/dsh-sandbox': 0.1.7-rc.2

  '@deepseek-ai/dsh-sandbox-policy@0.1.7-rc.2':
    resolution: {integrity: sha512-pIhCaOEqYjNoKy/c7dYYgYzK+zp8/FxnEeaBA5e6fTmNROb+/qSFsC4hY3Qu+PVU9IdbH/4fa6TbT2jnqoDPQw==}
    peerDependencies:
      '@deepseek-ai/cordis': ~4.0.4
      '@deepseek-ai/dsh-agent': 0.1.7-rc.2
      '@deepseek-ai/dsh-invariants': 0.1.7-rc.2
      '@deepseek-ai/dsh-sandbox': 0.1.7-rc.2
      '@deepseek-ai/dsh-session': 0.1.7-rc.2
      '@deepseek-ai/dsh-session-projection': 0.1.7-rc.2
      '@deepseek-ai/dsh-system-prompt': 0.1.7-rc.2

  '@deepseek-ai/dsh-sandbox@0.1.7-rc.2':
    resolution: {integrity: sha512-7aP893mtTvnuZfCKD6hUN5gYchi6Wogn4W3mg/rGMvogmhbWgrCs00boJx/eHK4KvVJmEW1e8kO5N+GtsesptA==}
    peerDependencies:
      '@deepseek-ai/cordis': ~4.0.4
      '@deepseek-ai/dsh-llm': 0.1.7-rc.2
      '@deepseek-ai/dsh-session': 0.1.7-rc.2

  '@deepseek-ai/dsh-scope@0.1.7-rc.2':
    resolution: {integrity: sha512-rk/OM5ej6/V8pCNczEqQ3BkKx3DuPeFGzNUsEZo8hF+tnkF/EhsxMWSXC/yP/uLKeNkSsVHzjFpaQR0qr0J3gQ==}
    peerDependencies:
      '@deepseek-ai/cordis': ~4.0.4
      '@deepseek-ai/dsh-invariants': 0.1.7-rc.2

  '@deepseek-ai/dsh-session-projection@0.1.7-rc.2':
    resolution: {integrity: sha512-s5T8oHBEh+GeOTJ+wehD4CGZkTiWgczZZA+NDbfbqUO0k5L+dk0kk3fN+/srAg77rhR7UeeDSR8ZNcpYx/VUdw==}
    peerDependencies:
      '@deepseek-ai/cordis': ~4.0.4
      '@deepseek-ai/dsh-session': 0.1.7-rc.2

  '@deepseek-ai/dsh-session@0.1.7-rc.2':
    resolution: {integrity: sha512-0dXv1t4Zox/yHkZ4PfPNSBWJfIc72PDqOvjz43EMoHpbmoKTVpit2UpUI+yTtX01e4MVBbDMxBZ95oJW/Oydnw==}
    peerDependencies:
      '@deepseek-ai/cordis': ~4.0.4
      '@deepseek-ai/dsh-scope': 0.1.7-rc.2

  '@deepseek-ai/dsh-system-prompt@0.1.7-rc.2':
    resolution: {integrity: sha512-vxKcADh7XOuWJOfa0WeEOhvFiUbMOdoK4w6M7KVCI0S99c9ktxrgY4wKdmAxap+nQjwTEPme3QuOlY3Na+cz9w==}
    peerDependencies:
      '@deepseek-ai/cordis': ~4.0.4
      '@deepseek-ai/dsh-invariants': 0.1.7-rc.2
      '@deepseek-ai/dsh-llm': 0.1.7-rc.2
      '@deepseek-ai/dsh-scope': 0.1.7-rc.2

  '@deepseek-ai/dsh-timeout@0.1.7-rc.2':
    resolution: {integrity: sha512-YunLoLZSF8Ld9eYwyvKoBnxgy3GZrIQpw98HfFS15ZfZlqcFiZcchFhYmStLtUbtX+gjhoeXc8Xz913YbVifNA==}
    peerDependencies:
      '@deepseek-ai/cordis': ~4.0.4

  '@deepseek-ai/dsh-tools@0.1.7-rc.2':
    resolution: {integrity: sha512-c3dTdKnslKxVTgjjPLwMKLqGUMwnZH5P8RUsucMQlWn2GViyFW/+5AIUuZHBjjE6Y7NAYl+lVVE/R4LgTp5KWA==}
    peerDependencies:
      '@deepseek-ai/cordis': ~4.0.4
      '@deepseek-ai/dsh-agent': 0.1.7-rc.2
      '@deepseek-ai/dsh-invariants': 0.1.7-rc.2
      '@deepseek-ai/dsh-llm': 0.1.7-rc.2
      '@deepseek-ai/dsh-ptc-runtime': 0.1.7-rc.2
      '@deepseek-ai/dsh-sandbox': 0.1.7-rc.2
      '@deepseek-ai/dsh-sandbox-policy': 0.1.7-rc.2
      '@deepseek-ai/dsh-scope': 0.1.7-rc.2
      '@deepseek-ai/dsh-session': 0.1.7-rc.2
      '@deepseek-ai/dsh-system-prompt': 0.1.7-rc.2
      '@deepseek-ai/dsh-user-approval': 0.1.7-rc.2

  '@deepseek-ai/dsh-typert-protocol@0.1.7-rc.2':
    resolution: {integrity: sha512-oJm03zqMQlvt16Ejw7VWy3/gqlJGrBCZj3Z4KL8ydLJeeTToKIR49WVCxMbJTlH0F9QFljruLtHguA5B99AeUQ==}
    peerDependencies:
      '@deepseek-ai/cordis': ~4.0.4

  '@deepseek-ai/dsh-user-approval@0.1.7-rc.2':
    resolution: {integrity: sha512-RQ6GB+C4G6VY/eJrFfS89+89DfHFAJ5G1abhmutfKBhZcYSnGNZyPIzpr5mKbl2xNMIhvCJOb9WiFz2fUPW2HA==}
    peerDependencies:
      '@deepseek-ai/cordis': ~4.0.4
      '@deepseek-ai/dsh-agent': 0.1.7-rc.2
      '@deepseek-ai/dsh-brand': 0.1.7-rc.2
      '@deepseek-ai/dsh-invariants': 0.1.7-rc.2
      '@deepseek-ai/dsh-llm': 0.1.7-rc.2
      '@deepseek-ai/dsh-scope': 0.1.7-rc.2
      '@deepseek-ai/dsh-session': 0.1.7-rc.2
      '@deepseek-ai/dsh-system-prompt': 0.1.7-rc.2

  '@deepseek-ai/dsh-util-crypto@0.1.7-rc.2':
    resolution: {integrity: sha512-BGc55/bSj/1LcDTQ5fpok4U24X9SFyN+TB23/hBlbe2TBUKVuwO8+X5FFKKje2MLO8PWYEDkXv/LrV6jRVKZEg==}
    peerDependencies:
      '@deepseek-ai/cordis': ~4.0.4

  '@deepseek-ai/dsh-util-values@0.1.7-rc.2':
    resolution: {integrity: sha512-UX8nh5SbtZcPVVEvjd+9PCPcbybA6OpVzJGgFxYn59ao/7QQGyYbByS8KXr+THU5JtqmDDVb9xGUSJaF2IYmeQ==}
    peerDependencies:
      '@deepseek-ai/cordis': ~4.0.4

  '@deepseek-ai/schemastery@3.18.4':
    resolution: {integrity: sha512-SSXO6tYuyrIqKVbmOnIq0s+riUywYzouFMcnBluHF9n4KMo2G8HvEzhCYj6pj2617/glOjbJuVInJ9hfONsjkg==}

  '@esbuild/aix-ppc64@0.28.2':
    resolution: {integrity: sha512-XExcO+dvLKvVtNTibSTBej1NCAbaGhWn9Ww1ZPx80qsahhPFe/8jgWP0IchNe0F3HwkU7n8ejhH8bjonqht8mQ==}
    engines: {node: '>=18'}
    cpu: [ppc64]
    os: [aix]

  '@esbuild/android-arm64@0.28.2':
    resolution: {integrity: sha512-5YfKeeI8qWfBZIX+u2xZC3Zlb3Os/gLS2sbEKM+I4ZOcsWmHS2WLysCcQZDAFRslDUU5Oiq44gf6PYN1vGwG5A==}
    engines: {node: '>=18'}
    cpu: [arm64]
    os: [android]

  '@esbuild/android-arm@0.28.2':
    resolution: {integrity: sha512-kXXoiPVVGQcnIYGOeaovwOURpniDBpSq4A03qkQ+BMQqtGG6HYap3xne9C1O1yo4TR3qxlCX5IqqmX6fFo2Lqg==}
    engines: {node: '>=18'}
    cpu: [arm]
    os: [android]

  '@esbuild/android-x64@0.28.2':
    resolution: {integrity: sha512-O387ite7SzUyCcy3JQX4P4bLtEA7bLLkx+esve5JHnyYfNTxcVpXZo9jhdB0lTKN44gztELTdU7nS8Nr16Fs1Q==}
    engines: {node: '>=18'}
    cpu: [x64]
    os: [android]

  '@esbuild/darwin-arm64@0.28.2':
    resolution: {integrity: sha512-n4KqkOQrraxHJcgjM1RvwbigfQKIKJVpM7xp+KsxiyUSrRdIXnt73VhrPAx0fV44hgfmIVKjxMN9J1t5jySVkw==}
    engines: {node: '>=18'}
    cpu: [arm64]
    os: [darwin]

  '@esbuild/darwin-x64@0.28.2':
    resolution: {integrity: sha512-uq6suIWYP37qzGddBKPw5QEQPi6HiLGsO7UmkpfyaYNQ3D+rN6w6WfwH+nuqcGXWvawGwxOEroO4YGnFh95azw==}
    engines: {node: '>=18'}
    cpu: [x64]
    os: [darwin]

  '@esbuild/freebsd-arm64@0.28.2':
    resolution: {integrity: sha512-n+I0BTSRIoy+d6RPKnEVwql5UwBJolytvY4mAOIEJorKlqgPII8ix6slVVrfZ5Tnj7glIZvloylbB/EJPMWEXw==}
    engines: {node: '>=18'}
    cpu: [arm64]
    os: [freebsd]

  '@esbuild/freebsd-x64@0.28.2':
    resolution: {integrity: sha512-78XJTJkvPs0kz2w61301PJjXl4g7q3JqiYMZ/M/yVI73EHBrCRTgkhu9oqG7vPqq+a/yadEW8aD+agKlk5xrmg==}
    engines: {node: '>=18'}
    cpu: [x64]
    os: [freebsd]

  '@esbuild/linux-arm64@0.28.2':
    resolution: {integrity: sha512-pW4AC0P3it8c7do9MVM4p51FzHzdM/TZrerurgRcHJ2WTa1VQ1CIq18xncfpBJw4ojkiZZrKW2yIBWBP92j6Ug==}
    engines: {node: '>=18'}
    cpu: [arm64]
    os: [linux]

  '@esbuild/linux-arm@0.28.2':
    resolution: {integrity: sha512-XlDnu2q5yoqems+xay6wSAcg9DDD7K9RLKZEBOMZm3ckNpJBvOX20tSfby8KfrrhINDyv9V2YVZKY/SpoGJI8w==}
    engines: {node: '>=18'}
    cpu: [arm]
    os: [linux]

  '@esbuild/linux-ia32@0.28.2':
    resolution: {integrity: sha512-CYbnj78HsIeA+DhgUKgFCfvNsTHFhMMrinUrMZpDXJXKN8T3XViTZ/+wtHeVxEWY8ewSzTFN+nRmSwO2tZaLUQ==}
    engines: {node: '>=18'}
    cpu: [ia32]
    os: [linux]

  '@esbuild/linux-loong64@0.28.2':
    resolution: {integrity: sha512-buwkd8nsph4R+ajRvw0qM5Hja/TXQow3ptzWO2EbG/cqcIkHloRrdlBtQlshyYGTNFvfkfJ5tpPLVkY4DtsPfQ==}
    engines: {node: '>=18'}
    cpu: [loong64]
    os: [linux]

  '@esbuild/linux-mips64el@0.28.2':
    resolution: {integrity: sha512-ZVykbDyk7519VwiNb9Lcj9m8XM6v5V9uKPvrEMkkEedVewf+0itkhahp4HDpgERXhwLRpWFypsGbG/J8s0QjJA==}
    engines: {node: '>=18'}
    cpu: [mips64el]
    os: [linux]

  '@esbuild/linux-ppc64@0.28.2':
    resolution: {integrity: sha512-CAXl+Dtd9UUuJd8pKKdwh6MLm3MUMiqMPmhZ3tTSXPqfyQ3vDl6R5hZdZ/kYojK4ofXtdfSv1tFq8XzWx3heNQ==}
    engines: {node: '>=18'}
    cpu: [ppc64]
    os: [linux]

  '@esbuild/linux-riscv64@0.28.2':
    resolution: {integrity: sha512-GeXCej4IQtU1B+QlDV8W/RRvbzI3O/Stss+/bCXv4lZls5WGRtu2a+3JkA3i4qIUlMXpcHebWpF8AkJhATowuA==}
    engines: {node: '>=18'}
    cpu: [riscv64]
    os: [linux]

  '@esbuild/linux-s390x@0.28.2':
    resolution: {integrity: sha512-3H1weTYZPxt/WOhByszQZybS9w5lKzUn1FDMsgEChbHWQwHYQQRfBxgCcZvPhjHfKyJjIievvMmEUawJrdY9Dg==}
    engines: {node: '>=18'}
    cpu: [s390x]
    os: [linux]

  '@esbuild/linux-x64@0.28.2':
    resolution: {integrity: sha512-4xTZr1FUmSoQW4XIWmit3tzQrUTZM+N3P0XV8xROKYF50XfI7xeO90+1bZvNwxIufQ9hDQVRJH5YhgPVF8A/HQ==}
    engines: {node: '>=18'}
    cpu: [x64]
    os: [linux]

  '@esbuild/netbsd-arm64@0.28.2':
    resolution: {integrity: sha512-sSATRjPeDBg3pdgHoQfoYBob11Kk1FGa9lui5RIHZCoCkJa9QKlvl3/vKz2usCmYYjs7ymJR/2Nnsqe+Hjt5nw==}
    engines: {node: '>=18'}
    cpu: [arm64]
    os: [netbsd]

  '@esbuild/netbsd-x64@0.28.2':
    resolution: {integrity: sha512-lqnzCV+mM0gIADaKihiCg6ifgfU2L3h5E33rNQBN1Y4MaVGnzryzmvvf7UHxprpQdE8hpqLolJ9Rl+SkIRDpyw==}
    engines: {node: '>=18'}
    cpu: [x64]
    os: [netbsd]

  '@esbuild/openbsd-arm64@0.28.2':
    resolution: {integrity: sha512-AL2qJILH7lNjrDmCQDvdxMfAUIv8KMNZOvrwAQ8i8//ntL9FflhOyMJ8OZSMBb8/AWXe3/5v5S20y3zCoZWKoQ==}
    engines: {node: '>=18'}
    cpu: [arm64]
    os: [openbsd]

  '@esbuild/openbsd-x64@0.28.2':
    resolution: {integrity: sha512-QtiuPytchRyC4rwUKhexJdQKvDuZ6hWloi3igqPQNUJCS1/v9EiO3UTOXR6A3FoMo4fnAKbWJdqaIwhOzh8qEw==}
    engines: {node: '>=18'}
    cpu: [x64]
    os: [openbsd]

  '@esbuild/openharmony-arm64@0.28.2':
    resolution: {integrity: sha512-WkhYDmpTjLvGlScA1rwjRUmhl4k8oXR3cIbtqWmELgU/dFeHHlEllxDvdWcNJV9rbzCexB5vz8gtNewWLgCT7Q==}
    engines: {node: '>=18'}
    cpu: [arm64]
    os: [openharmony]

  '@esbuild/sunos-x64@0.28.2':
    resolution: {integrity: sha512-GPMSkTOtMnv2U2F8gxe4Io6qmVs+YKyp832Etqqxr0hFngmXQ3rzwytelm3GIn7T4VviRUlf3sOgBOiTdvaf7g==}
    engines: {node: '>=18'}
    cpu: [x64]
    os: [sunos]

  '@esbuild/win32-arm64@0.28.2':
    resolution: {integrity: sha512-PIhhEkE9uPBleRBrQEJpUn7MBnibZzbGzYWPmY3x+YoVg/95zbjB4CxPPOQ8l5tYYM4mMaCthF8/1DIfBQQyWQ==}
    engines: {node: '>=18'}
    cpu: [arm64]
    os: [win32]

  '@esbuild/win32-ia32@0.28.2':
    resolution: {integrity: sha512-YmJbfTlvU7Sdn9BB+4PRES4oB6pxgS37MAONj+hBr/cpXS1aBPKXxNnDbu+QCWPj0o9dgyxeq79g6c5P8KeuYA==}
    engines: {node: '>=18'}
    cpu: [ia32]
    os: [win32]

  '@esbuild/win32-x64@0.28.2':
    resolution: {integrity: sha512-5ebpxr3nWMzrL/rnUI755Jkuee0bHL/Gq0WTF9lvcpv73wAp5eu8MfBUgWK9bhWvZjj7yX8etf/8tI8Ney695g==}
    engines: {node: '>=18'}
    cpu: [x64]
    os: [win32]

  '@standard-schema/spec@1.1.0':
    resolution: {integrity: sha512-l2aFy5jALhniG5HgqrD6jXLi/rUWrKvqN/qJx6yoJsgKhblVd+iqqU4RCXavm/jPityDo5TCvKMnpjKnOriy0w==}

  '@types/node@18.19.130':
    resolution: {integrity: sha512-GRaXQx6jGfL8sKfaIDD6OupbIHBr9jv7Jnaml9tB7l4v068PAOXqfcujMMo5PhbIs6ggR1XODELqahT2R8v0fg==}

  '@types/node@22.20.4':
    resolution: {integrity: sha512-zJRE40jpHtKqE/C4fgHrAKQLJuSpzEnP9ff9Y7YtoR3Wd2pwqzlekDeEuUQXjRd+QCYnVnNwuJYmhdk9XV8gvA==}

  '@types/prop-types@15.7.15':
    resolution: {integrity: sha512-F6bEyamV9jKGAFBEmlQnesRPGOQqS2+Uwi0Em15xenOxHaf2hv6L8YCVn3rPdPJOiJfPiCnLIRyvwVaqMY3MIw==}

  '@types/react@18.3.31':
    resolution: {integrity: sha512-vfEqpXTvwT91yhmwdfouStN2hSKwTvyRs8qpLfADyrq/kxDw0hZM7Wk9Ug1FELj8hIby+S/+kQCSRFF32nv2Qw==}

  '@types/ssh2@1.15.6':
    resolution: {integrity: sha512-oGdxhBqcRTwSTKFm+9EiKzkNVYRLEFkcW44lhguvBalGJbWfGnDt/ezwSUZc+SF9m9bMc3VyklNAtp7zICjS5w==}

  asn1@0.2.6:
    resolution: {integrity: sha512-ix/FxPn0MDjeyJ7i/yoHGFt/EX6LyNbxSEhPPXODPL+KB0VPk86UYfL0lMdy+KCnv+fmvIzySwaK5COwqVbWTQ==}

  bcrypt-pbkdf@1.0.2:
    resolution: {integrity: sha512-qeFIXtP4MSoi6NLqO12WfqARWWuCKi2Rn/9hJLEmtB5yTNr9DqFWkJRCf2qShWzPeAMRnOgCrq0sg/KLv5ES9w==}

  buildcheck@0.0.7:
    resolution: {integrity: sha512-lHblz4ahamxpTmnsk+MNTRWsjYKv965MwOrSJyeD588rR3Jcu7swE+0wN5F+PbL5cjgu/9ObkhfzEPuofEMwLA==}
    engines: {node: '>=10.0.0'}

  bytes@3.1.2:
    resolution: {integrity: sha512-/Nf7TyzTx6S3yRJObOAV7956r8cr2+Oj8AC5dt8wSP3BQAoeX58NoHyCU8P8zGkNXStjTSi6fzO6F0pBdcYbEg==}
    engines: {node: '>= 0.8'}

  compressible@2.0.18:
    resolution: {integrity: sha512-AF3r7P5dWxL8MxyITRMlORQNaOA2IkAFaTr4k7BUumjPtRpGDTZpl0Pb1XCO6JeDCBdp126Cgs9sMxqSjgYyRg==}
    engines: {node: '>= 0.6'}

  compression@1.8.2:
    resolution: {integrity: sha512-o8vI5RE5A6EVVOd9o41jKp41aJom+QTEO/Bx8MYNjexMo/Bv2WOjUfZr+aL0WnYSgymUy6zeguqLTsIhV0gMvQ==}
    engines: {node: '>= 0.8.0'}

  content-type@2.1.0:
    resolution: {integrity: sha512-mj7UPXE0jaqaOsukNZRUEfEi2AcL7C/vwmwcHV0O97eO1E1pxBZuyjlZrx5seTaNBg1U6+o35wpa35Qfcc+7ag==}
    engines: {node: '>=18'}

  cpu-features@0.0.10:
    resolution: {integrity: sha512-9IkYqtX3YHPCzoVg1Py+o9057a3i0fp7S530UWokCSaFVTc7CwXPRiOjRjBQQ18ZCNafx78YfnG+HALxtVmOGA==}
    engines: {node: '>=10.0.0'}

  csstype@3.2.3:
    resolution: {integrity: sha512-z1HGKcYy2xA8AGQfwrn0PAy+PB7X/GSj3UVJW9qKyn43xWa+gl5nXmU4qqLMRzWVLFC8KusUX8T/0kCiOYpAIQ==}

  debug@2.6.9:
    resolution: {integrity: sha512-bC7ElrdJaJnPbAP+1EotYvqZsb3ecl5wi6Bfi6BJTUcNowp6cvspg0jXznRTKDjm/E7AdgFBVeAPVMNcKGsHMA==}
    peerDependencies:
      supports-color: '*'
    peerDependenciesMeta:
      supports-color:
        optional: true

  destroy@1.2.0:
    resolution: {integrity: sha512-2sJGJTaXIIaR1w4iJSNoN0hnMY7Gpc/n8D4qSCJw8QqFWXf7cuAgnEHxBpweaVcPevC2l3KpjYCx3NypQQgaJg==}
    engines: {node: '>= 0.8', npm: 1.2.8000 || >= 1.4.16}

  esbuild@0.28.2:
    resolution: {integrity: sha512-HKVLS8dvII+xoKW9kmqxbRKrnWEXfJJr/FZhhJmiqIB0e053QNYFqOBouTMO/k5sID4MvCiUCvv8b9M4h32wIA==}
    engines: {node: '>=18'}
    hasBin: true

  fsevents@2.3.3:
    resolution: {integrity: sha512-5xoDfX+fL7faATnagmWPpbFtwh/R77WmMMqqHGS65C3vvB0YHrgF+B1YmZ3441tMj5n63k0212XNoJwzlhffQw==}
    engines: {node: ^8.16.0 || ^10.6.0 || >=11.0.0}
    os: [darwin]

  js-tokens@4.0.0:
    resolution: {integrity: sha512-RdJUflcE3cUzKiMqQgsCu06FPu9UdIJO0beYbPhHN4k6apgJtifcoCtT9bcxOpYBtpD2kCM6Sbzg4CausW/PKQ==}

  loose-envify@1.4.0:
    resolution: {integrity: sha512-lyuxPGr/Wfhrlem2CL/UcnUc1zcqKAImBDzukY7Y5F/yQiNdko6+fRLevlw1HgMySw7f611UIY408EtxRSoK3Q==}
    hasBin: true

  mime-db@1.54.0:
    resolution: {integrity: sha512-aU5EJuIN2WDemCcAp2vFBfp/m4EAhWJnUNSSw0ixs7/kXbd6Pg64EmwJkNdFhB8aWt1sH2CTXrLxo/iAGV3oPQ==}
    engines: {node: '>= 0.6'}

  ms@2.0.0:
    resolution: {integrity: sha512-Tpp60P6IUJDTuOq/5Z8cdskzJujfwqfOTkrwIwj7IRISpnkJnT6SyJ4PCPnGMoFjC9ddhal5KVIYtAt97ix05A==}

  nan@2.29.0:
    resolution: {integrity: sha512-GlGk3HIvitbvs+LT3g6XUP1kpirKNvmDFwF/bmo6XNWSb/eYEs/O4bfgIEIXCZ+lIOTS5xNwDvSGMw6FJdAhtA==}

  negotiator@0.6.4:
    resolution: {integrity: sha512-myRT3DiWPHqho5PrJaIRyaMv2kgYf0mUVgBNOYMuCH5Ki1yEiQaf/ZJuQ62nvpc44wL5WDbTX7yGJi1Neevw8w==}
    engines: {node: '>= 0.6'}

  negotiator@1.1.0:
    resolution: {integrity: sha512-NMPBRMJgiQHjbd8phG3Vebdx4kZ1H121rbl5IkMqeOsahptB9BKo/d7oJ3zTXqTgagn2bWlNSXkh0QUGM31RYg==}
    engines: {node: '>=18'}

  on-headers@1.1.0:
    resolution: {integrity: sha512-737ZY3yNnXy37FHkQxPzt4UZ2UWPWiCZWLvFZ4fu5cueciegX0zGPnrlY6bwRg4FdQOe9YU8MkmJwGhoMybl8A==}
    engines: {node: '>= 0.8'}

  react@18.3.1:
    resolution: {integrity: sha512-wS+hAgJShR0KhEvPJArfuPVN1+Hz1t0Y6n5jLrGQbkb4urgPE/0Rve+1kMB1v/oWgHgm4WIcV+i7F2pTVj+2iQ==}
    engines: {node: '>=0.10.0'}

  safe-buffer@5.2.1:
    resolution: {integrity: sha512-rp3So07KcdmmKbGvgaNxQSJr7bGVSVk5S9Eq1F+ppbRo70+YeaDxkw5Dd8NPN+GD6bjnYm2VuPuCXmpuYvmCXQ==}

  safer-buffer@2.1.2:
    resolution: {integrity: sha512-YZo3K82SD7Riyi0E1EQPojLz7kpepnSQI9IyPbHHg1XXXevb5dJI7tpyN2ADxGcQbHG7vcyRHk0cbwqcQriUtg==}

  ssh-config@5.3.0:
    resolution: {integrity: sha512-JIsoWax2CAJraGLvhXa4e9zfh+/KzoL6SKxjupQywLjGpuigYsZ+5OVmfZo1mBslxehA8kHWwFQ38eotFoLj6Q==}
    engines: {node: '>= 14.18.0'}

  ssh2@1.17.0:
    resolution: {integrity: sha512-wPldCk3asibAjQ/kziWQQt1Wh3PgDFpC0XpwclzKcdT1vql6KeYxf5LIt4nlFkUeR8WuphYMKqUA56X4rjbfgQ==}
    engines: {node: '>=10.16.0'}

  tsx@4.23.15:
    resolution: {integrity: sha512-Yiex1Ovn8z2xPpOWckIiysV1SSyRMY9BkLF++q0yKiDxCqRhosKfMg3janKkiLBwZ5c/YryloKwGZcrEmtwxKw==}
    engines: {node: '>=18.0.0'}
    hasBin: true

  tweetnacl@0.14.5:
    resolution: {integrity: sha512-KXXFFdAbFXY4geFIwoyNK+f5Z1b7swfXABfL7HXCmoIWMKU3dmS26672A4EeQtDzLKy7SXmfBu51JolvEKwtGA==}

  typescript@5.9.3:
    resolution: {integrity: sha512-jl1vZzPDinLr9eUt3J/t7V6FgNEw9QjvBPdysz9KfQDD41fQrC2Y4vKQdiaUpFT4bXlb1RHhLpp8wtm6M5TgSw==}
    engines: {node: '>=14.17'}
    hasBin: true

  undici-types@5.26.5:
    resolution: {integrity: sha512-JlCMO+ehdEIKqlFxk6IfVoAUVmgz7cU7zD/h9XZ0qzeosSHmUJVOzSQvvYSYWXkFXC+IfLKSIffhv0sVZup6pA==}

  undici-types@6.21.0:
    resolution: {integrity: sha512-iwDZqg0QAGrg9Rav5H4n0M64c3mkR59cJ6wQp+7C4nI0gsmExaedaYLNO44eT4AtBBwjbTiGPMlt2Md0T9H9JQ==}

  vary@1.1.2:
    resolution: {integrity: sha512-BNGbWLfd0eUPabhkXUVm0j8uuvREyTh5ovRa/dyow/BqAbZJyC+5fU+IzQOzmAKzYqYRAISoRhdQr3eIZ/PXqg==}
    engines: {node: '>= 0.8'}

  yaml@2.9.1:
    resolution: {integrity: sha512-3NxN8+78OdzbT7C/WjGsyfPAtJaN3FNDsWxv7Y7mcDsT/oOmgW8BpyQQFFBnvZE3j9Y2Sdz1ULFLezL7Eb2yFw==}
    engines: {node: '>= 14.6'}
    hasBin: true

  zod@4.6.5:
    resolution: {integrity: sha512-v5l/aFXZQeai4awLbOpSoHecE9UiMrnfx75tEXLjNonXVARxQ5mOeipTjROUchszUNCqnE+hqAMujRsRHsut2Q==}

snapshots:

  '@deepseek-ai/cordis@4.0.4':
    dependencies:
      '@deepseek-ai/cosmokit': 1.8.5
      '@standard-schema/spec': 1.1.0

  '@deepseek-ai/cosmokit@1.8.5': {}

  '@deepseek-ai/dsh-agent@0.1.7-rc.2(60fa28e8b0153eb1629182d877696c60)':
    dependencies:
      '@deepseek-ai/cordis': 4.0.4
      '@deepseek-ai/dsh-invariants': 0.1.7-rc.2(@deepseek-ai/cordis@4.0.4)
      '@deepseek-ai/dsh-llm': 0.1.7-rc.2(@deepseek-ai/cordis@4.0.4)
      '@deepseek-ai/dsh-scope': 0.1.7-rc.2(@deepseek-ai/cordis@4.0.4)(@deepseek-ai/dsh-invariants@0.1.7-rc.2(@deepseek-ai/cordis@4.0.4))
      '@deepseek-ai/dsh-session': 0.1.7-rc.2(@deepseek-ai/cordis@4.0.4)(@deepseek-ai/dsh-scope@0.1.7-rc.2(@deepseek-ai/cordis@4.0.4)(@deepseek-ai/dsh-invariants@0.1.7-rc.2(@deepseek-ai/cordis@4.0.4)))
      '@deepseek-ai/dsh-session-projection': 0.1.7-rc.2(@deepseek-ai/cordis@4.0.4)(@deepseek-ai/dsh-session@0.1.7-rc.2(@deepseek-ai/cordis@4.0.4)(@deepseek-ai/dsh-scope@0.1.7-rc.2(@deepseek-ai/cordis@4.0.4)(@deepseek-ai/dsh-invariants@0.1.7-rc.2(@deepseek-ai/cordis@4.0.4))))
      '@deepseek-ai/dsh-system-prompt': 0.1.7-rc.2(@deepseek-ai/cordis@4.0.4)(@deepseek-ai/dsh-invariants@0.1.7-rc.2(@deepseek-ai/cordis@4.0.4))(@deepseek-ai/dsh-llm@0.1.7-rc.2(@deepseek-ai/cordis@4.0.4))(@deepseek-ai/dsh-scope@0.1.7-rc.2(@deepseek-ai/cordis@4.0.4)(@deepseek-ai/dsh-invariants@0.1.7-rc.2(@deepseek-ai/cordis@4.0.4)))
      '@deepseek-ai/dsh-typert-protocol': 0.1.7-rc.2(@deepseek-ai/cordis@4.0.4)
      '@deepseek-ai/dsh-util-values': 0.1.7-rc.2(@deepseek-ai/cordis@4.0.4)

  '@deepseek-ai/dsh-attachment@0.1.7-rc.2(@deepseek-ai/cordis@4.0.4)(@deepseek-ai/dsh-brand@0.1.7-rc.2(@deepseek-ai/cordis@4.0.4))':
    dependencies:
      '@deepseek-ai/cordis': 4.0.4
      '@deepseek-ai/dsh-brand': 0.1.7-rc.2(@deepseek-ai/cordis@4.0.4)

  '@deepseek-ai/dsh-brand@0.1.7-rc.2(@deepseek-ai/cordis@4.0.4)':
    dependencies:
      '@deepseek-ai/cordis': 4.0.4

  '@deepseek-ai/dsh-client-connection@0.1.7-rc.2(@deepseek-ai/cordis@4.0.4)(@deepseek-ai/dsh-invariants@0.1.7-rc.2(@deepseek-ai/cordis@4.0.4))(@deepseek-ai/dsh-scope@0.1.7-rc.2(@deepseek-ai/cordis@4.0.4)(@deepseek-ai/dsh-invariants@0.1.7-rc.2(@deepseek-ai/cordis@4.0.4)))':
    dependencies:
      '@deepseek-ai/cordis': 4.0.4
      '@deepseek-ai/dsh-credentials': 0.1.7-rc.2(@deepseek-ai/cordis@4.0.4)(@deepseek-ai/dsh-invariants@0.1.7-rc.2(@deepseek-ai/cordis@4.0.4))
      '@deepseek-ai/dsh-scope': 0.1.7-rc.2(@deepseek-ai/cordis@4.0.4)(@deepseek-ai/dsh-invariants@0.1.7-rc.2(@deepseek-ai/cordis@4.0.4))
      '@deepseek-ai/schemastery': 3.18.4
      zod: 4.6.5
    transitivePeerDependencies:
      - '@deepseek-ai/dsh-invariants'

  '@deepseek-ai/dsh-client-locale@0.1.7-rc.2(@deepseek-ai/cordis@4.0.4)':
    dependencies:
      '@deepseek-ai/cordis': 4.0.4
      '@deepseek-ai/schemastery': 3.18.4

  '@deepseek-ai/dsh-client-ui-layout@0.1.7-rc.2(@deepseek-ai/cordis@4.0.4)':
    dependencies:
      '@deepseek-ai/cordis': 4.0.4

  '@deepseek-ai/dsh-client-ui-renderer@0.1.7-rc.2(@deepseek-ai/cordis@4.0.4)':
    dependencies:
      '@deepseek-ai/cordis': 4.0.4

  '@deepseek-ai/dsh-client-ui-sidebar@0.1.7-rc.2(@deepseek-ai/cordis@4.0.4)':
    dependencies:
      '@deepseek-ai/cordis': 4.0.4

  '@deepseek-ai/dsh-client-ui-slots@0.1.7-rc.2(@deepseek-ai/cordis@4.0.4)':
    dependencies:
      '@deepseek-ai/cordis': 4.0.4

  '@deepseek-ai/dsh-commands@0.1.7-rc.2(@deepseek-ai/cordis@4.0.4)(@deepseek-ai/dsh-agent@0.1.7-rc.2(60fa28e8b0153eb1629182d877696c60))(@deepseek-ai/dsh-attachment@0.1.7-rc.2(@deepseek-ai/cordis@4.0.4)(@deepseek-ai/dsh-brand@0.1.7-rc.2(@deepseek-ai/cordis@4.0.4)))(@deepseek-ai/dsh-brand@0.1.7-rc.2(@deepseek-ai/cordis@4.0.4))(@deepseek-ai/dsh-invariants@0.1.7-rc.2(@deepseek-ai/cordis@4.0.4))(@deepseek-ai/dsh-llm@0.1.7-rc.2(@deepseek-ai/cordis@4.0.4))(@deepseek-ai/dsh-scope@0.1.7-rc.2(@deepseek-ai/cordis@4.0.4)(@deepseek-ai/dsh-invariants@0.1.7-rc.2(@deepseek-ai/cordis@4.0.4)))(@deepseek-ai/dsh-session@0.1.7-rc.2(@deepseek-ai/cordis@4.0.4)(@deepseek-ai/dsh-scope@0.1.7-rc.2(@deepseek-ai/cordis@4.0.4)(@deepseek-ai/dsh-invariants@0.1.7-rc.2(@deepseek-ai/cordis@4.0.4))))(@deepseek-ai/dsh-typert-protocol@0.1.7-rc.2(@deepseek-ai/cordis@4.0.4))':
    dependencies:
      '@deepseek-ai/cordis': 4.0.4
      '@deepseek-ai/dsh-agent': 0.1.7-rc.2(60fa28e8b0153eb1629182d877696c60)
      '@deepseek-ai/dsh-attachment': 0.1.7-rc.2(@deepseek-ai/cordis@4.0.4)(@deepseek-ai/dsh-brand@0.1.7-rc.2(@deepseek-ai/cordis@4.0.4))
      '@deepseek-ai/dsh-brand': 0.1.7-rc.2(@deepseek-ai/cordis@4.0.4)
      '@deepseek-ai/dsh-invariants': 0.1.7-rc.2(@deepseek-ai/cordis@4.0.4)
      '@deepseek-ai/dsh-llm': 0.1.7-rc.2(@deepseek-ai/cordis@4.0.4)
      '@deepseek-ai/dsh-scope': 0.1.7-rc.2(@deepseek-ai/cordis@4.0.4)(@deepseek-ai/dsh-invariants@0.1.7-rc.2(@deepseek-ai/cordis@4.0.4))
      '@deepseek-ai/dsh-session': 0.1.7-rc.2(@deepseek-ai/cordis@4.0.4)(@deepseek-ai/dsh-scope@0.1.7-rc.2(@deepseek-ai/cordis@4.0.4)(@deepseek-ai/dsh-invariants@0.1.7-rc.2(@deepseek-ai/cordis@4.0.4)))
      '@deepseek-ai/dsh-typert-protocol': 0.1.7-rc.2(@deepseek-ai/cordis@4.0.4)
      '@deepseek-ai/dsh-util-crypto': 0.1.7-rc.2(@deepseek-ai/cordis@4.0.4)
      zod: 4.6.5

  '@deepseek-ai/dsh-credentials@0.1.7-rc.2(@deepseek-ai/cordis@4.0.4)(@deepseek-ai/dsh-invariants@0.1.7-rc.2(@deepseek-ai/cordis@4.0.4))':
    dependencies:
      '@deepseek-ai/cordis': 4.0.4
      '@deepseek-ai/dsh-brand': 0.1.7-rc.2(@deepseek-ai/cordis@4.0.4)
      '@deepseek-ai/dsh-invariants': 0.1.7-rc.2(@deepseek-ai/cordis@4.0.4)

  '@deepseek-ai/dsh-host-webserver@0.1.7-rc.2(@deepseek-ai/cordis@4.0.4)':
    dependencies:
      '@deepseek-ai/cordis': 4.0.4
      '@deepseek-ai/schemastery': 3.18.4
      compression: 1.8.2
      negotiator: 1.1.0
    transitivePeerDependencies:
      - supports-color

  '@deepseek-ai/dsh-invariants@0.1.7-rc.2(@deepseek-ai/cordis@4.0.4)':
    dependencies:
      '@deepseek-ai/cordis': 4.0.4
      '@deepseek-ai/schemastery': 3.18.4

  '@deepseek-ai/dsh-llm@0.1.7-rc.2(@deepseek-ai/cordis@4.0.4)':
    dependencies:
      '@deepseek-ai/cordis': 4.0.4
      '@deepseek-ai/dsh-brand': 0.1.7-rc.2(@deepseek-ai/cordis@4.0.4)
      '@deepseek-ai/dsh-timeout': 0.1.7-rc.2(@deepseek-ai/cordis@4.0.4)
      '@deepseek-ai/dsh-typert-protocol': 0.1.7-rc.2(@deepseek-ai/cordis@4.0.4)
      '@deepseek-ai/dsh-util-crypto': 0.1.7-rc.2(@deepseek-ai/cordis@4.0.4)
      '@deepseek-ai/dsh-util-values': 0.1.7-rc.2(@deepseek-ai/cordis@4.0.4)
      '@deepseek-ai/schemastery': 3.18.4
      zod: 4.6.5

  '@deepseek-ai/dsh-ptc-runtime@0.1.7-rc.2(@deepseek-ai/cordis@4.0.4)(@deepseek-ai/dsh-sandbox@0.1.7-rc.2(@deepseek-ai/cordis@4.0.4)(@deepseek-ai/dsh-llm@0.1.7-rc.2(@deepseek-ai/cordis@4.0.4))(@deepseek-ai/dsh-session@0.1.7-rc.2(@deepseek-ai/cordis@4.0.4)(@deepseek-ai/dsh-scope@0.1.7-rc.2(@deepseek-ai/cordis@4.0.4)(@deepseek-ai/dsh-invariants@0.1.7-rc.2(@deepseek-ai/cordis@4.0.4)))))':
    dependencies:
      '@deepseek-ai/cordis': 4.0.4
      '@deepseek-ai/dsh-sandbox': 0.1.7-rc.2(@deepseek-ai/cordis@4.0.4)(@deepseek-ai/dsh-llm@0.1.7-rc.2(@deepseek-ai/cordis@4.0.4))(@deepseek-ai/dsh-session@0.1.7-rc.2(@deepseek-ai/cordis@4.0.4)(@deepseek-ai/dsh-scope@0.1.7-rc.2(@deepseek-ai/cordis@4.0.4)(@deepseek-ai/dsh-invariants@0.1.7-rc.2(@deepseek-ai/cordis@4.0.4))))

  '@deepseek-ai/dsh-sandbox-policy@0.1.7-rc.2(d5989c988b76beaa5bcdb2605840ee18)':
    dependencies:
      '@deepseek-ai/cordis': 4.0.4
      '@deepseek-ai/dsh-agent': 0.1.7-rc.2(60fa28e8b0153eb1629182d877696c60)
      '@deepseek-ai/dsh-invariants': 0.1.7-rc.2(@deepseek-ai/cordis@4.0.4)
      '@deepseek-ai/dsh-sandbox': 0.1.7-rc.2(@deepseek-ai/cordis@4.0.4)(@deepseek-ai/dsh-llm@0.1.7-rc.2(@deepseek-ai/cordis@4.0.4))(@deepseek-ai/dsh-session@0.1.7-rc.2(@deepseek-ai/cordis@4.0.4)(@deepseek-ai/dsh-scope@0.1.7-rc.2(@deepseek-ai/cordis@4.0.4)(@deepseek-ai/dsh-invariants@0.1.7-rc.2(@deepseek-ai/cordis@4.0.4))))
      '@deepseek-ai/dsh-session': 0.1.7-rc.2(@deepseek-ai/cordis@4.0.4)(@deepseek-ai/dsh-scope@0.1.7-rc.2(@deepseek-ai/cordis@4.0.4)(@deepseek-ai/dsh-invariants@0.1.7-rc.2(@deepseek-ai/cordis@4.0.4)))
      '@deepseek-ai/dsh-session-projection': 0.1.7-rc.2(@deepseek-ai/cordis@4.0.4)(@deepseek-ai/dsh-session@0.1.7-rc.2(@deepseek-ai/cordis@4.0.4)(@deepseek-ai/dsh-scope@0.1.7-rc.2(@deepseek-ai/cordis@4.0.4)(@deepseek-ai/dsh-invariants@0.1.7-rc.2(@deepseek-ai/cordis@4.0.4))))
      '@deepseek-ai/dsh-system-prompt': 0.1.7-rc.2(@deepseek-ai/cordis@4.0.4)(@deepseek-ai/dsh-invariants@0.1.7-rc.2(@deepseek-ai/cordis@4.0.4))(@deepseek-ai/dsh-llm@0.1.7-rc.2(@deepseek-ai/cordis@4.0.4))(@deepseek-ai/dsh-scope@0.1.7-rc.2(@deepseek-ai/cordis@4.0.4)(@deepseek-ai/dsh-invariants@0.1.7-rc.2(@deepseek-ai/cordis@4.0.4)))
      '@deepseek-ai/schemastery': 3.18.4
      zod: 4.6.5

  '@deepseek-ai/dsh-sandbox@0.1.7-rc.2(@deepseek-ai/cordis@4.0.4)(@deepseek-ai/dsh-llm@0.1.7-rc.2(@deepseek-ai/cordis@4.0.4))(@deepseek-ai/dsh-session@0.1.7-rc.2(@deepseek-ai/cordis@4.0.4)(@deepseek-ai/dsh-scope@0.1.7-rc.2(@deepseek-ai/cordis@4.0.4)(@deepseek-ai/dsh-invariants@0.1.7-rc.2(@deepseek-ai/cordis@4.0.4))))':
    dependencies:
      '@deepseek-ai/cordis': 4.0.4
      '@deepseek-ai/dsh-llm': 0.1.7-rc.2(@deepseek-ai/cordis@4.0.4)
      '@deepseek-ai/dsh-session': 0.1.7-rc.2(@deepseek-ai/cordis@4.0.4)(@deepseek-ai/dsh-scope@0.1.7-rc.2(@deepseek-ai/cordis@4.0.4)(@deepseek-ai/dsh-invariants@0.1.7-rc.2(@deepseek-ai/cordis@4.0.4)))
      '@deepseek-ai/dsh-util-values': 0.1.7-rc.2(@deepseek-ai/cordis@4.0.4)

  '@deepseek-ai/dsh-scope@0.1.7-rc.2(@deepseek-ai/cordis@4.0.4)(@deepseek-ai/dsh-invariants@0.1.7-rc.2(@deepseek-ai/cordis@4.0.4))':
    dependencies:
      '@deepseek-ai/cordis': 4.0.4
      '@deepseek-ai/dsh-invariants': 0.1.7-rc.2(@deepseek-ai/cordis@4.0.4)

  '@deepseek-ai/dsh-session-projection@0.1.7-rc.2(@deepseek-ai/cordis@4.0.4)(@deepseek-ai/dsh-session@0.1.7-rc.2(@deepseek-ai/cordis@4.0.4)(@deepseek-ai/dsh-scope@0.1.7-rc.2(@deepseek-ai/cordis@4.0.4)(@deepseek-ai/dsh-invariants@0.1.7-rc.2(@deepseek-ai/cordis@4.0.4))))':
    dependencies:
      '@deepseek-ai/cordis': 4.0.4
      '@deepseek-ai/dsh-session': 0.1.7-rc.2(@deepseek-ai/cordis@4.0.4)(@deepseek-ai/dsh-scope@0.1.7-rc.2(@deepseek-ai/cordis@4.0.4)(@deepseek-ai/dsh-invariants@0.1.7-rc.2(@deepseek-ai/cordis@4.0.4)))
      zod: 4.6.5

  '@deepseek-ai/dsh-session@0.1.7-rc.2(@deepseek-ai/cordis@4.0.4)(@deepseek-ai/dsh-scope@0.1.7-rc.2(@deepseek-ai/cordis@4.0.4)(@deepseek-ai/dsh-invariants@0.1.7-rc.2(@deepseek-ai/cordis@4.0.4)))':
    dependencies:
      '@deepseek-ai/cordis': 4.0.4
      '@deepseek-ai/dsh-brand': 0.1.7-rc.2(@deepseek-ai/cordis@4.0.4)
      '@deepseek-ai/dsh-llm': 0.1.7-rc.2(@deepseek-ai/cordis@4.0.4)
      '@deepseek-ai/dsh-scope': 0.1.7-rc.2(@deepseek-ai/cordis@4.0.4)(@deepseek-ai/dsh-invariants@0.1.7-rc.2(@deepseek-ai/cordis@4.0.4))
      '@deepseek-ai/dsh-util-values': 0.1.7-rc.2(@deepseek-ai/cordis@4.0.4)

  '@deepseek-ai/dsh-system-prompt@0.1.7-rc.2(@deepseek-ai/cordis@4.0.4)(@deepseek-ai/dsh-invariants@0.1.7-rc.2(@deepseek-ai/cordis@4.0.4))(@deepseek-ai/dsh-llm@0.1.7-rc.2(@deepseek-ai/cordis@4.0.4))(@deepseek-ai/dsh-scope@0.1.7-rc.2(@deepseek-ai/cordis@4.0.4)(@deepseek-ai/dsh-invariants@0.1.7-rc.2(@deepseek-ai/cordis@4.0.4)))':
    dependencies:
      '@deepseek-ai/cordis': 4.0.4
      '@deepseek-ai/dsh-invariants': 0.1.7-rc.2(@deepseek-ai/cordis@4.0.4)
      '@deepseek-ai/dsh-llm': 0.1.7-rc.2(@deepseek-ai/cordis@4.0.4)
      '@deepseek-ai/dsh-scope': 0.1.7-rc.2(@deepseek-ai/cordis@4.0.4)(@deepseek-ai/dsh-invariants@0.1.7-rc.2(@deepseek-ai/cordis@4.0.4))
      '@deepseek-ai/schemastery': 3.18.4

  '@deepseek-ai/dsh-timeout@0.1.7-rc.2(@deepseek-ai/cordis@4.0.4)':
    dependencies:
      '@deepseek-ai/cordis': 4.0.4

  '@deepseek-ai/dsh-tools@0.1.7-rc.2(ead59e2384682bf741eae1c9eaa56bcd)':
    dependencies:
      '@deepseek-ai/cordis': 4.0.4
      '@deepseek-ai/dsh-agent': 0.1.7-rc.2(60fa28e8b0153eb1629182d877696c60)
      '@deepseek-ai/dsh-brand': 0.1.7-rc.2(@deepseek-ai/cordis@4.0.4)
      '@deepseek-ai/dsh-invariants': 0.1.7-rc.2(@deepseek-ai/cordis@4.0.4)
      '@deepseek-ai/dsh-llm': 0.1.7-rc.2(@deepseek-ai/cordis@4.0.4)
      '@deepseek-ai/dsh-ptc-runtime': 0.1.7-rc.2(@deepseek-ai/cordis@4.0.4)(@deepseek-ai/dsh-sandbox@0.1.7-rc.2(@deepseek-ai/cordis@4.0.4)(@deepseek-ai/dsh-llm@0.1.7-rc.2(@deepseek-ai/cordis@4.0.4))(@deepseek-ai/dsh-session@0.1.7-rc.2(@deepseek-ai/cordis@4.0.4)(@deepseek-ai/dsh-scope@0.1.7-rc.2(@deepseek-ai/cordis@4.0.4)(@deepseek-ai/dsh-invariants@0.1.7-rc.2(@deepseek-ai/cordis@4.0.4)))))
      '@deepseek-ai/dsh-sandbox': 0.1.7-rc.2(@deepseek-ai/cordis@4.0.4)(@deepseek-ai/dsh-llm@0.1.7-rc.2(@deepseek-ai/cordis@4.0.4))(@deepseek-ai/dsh-session@0.1.7-rc.2(@deepseek-ai/cordis@4.0.4)(@deepseek-ai/dsh-scope@0.1.7-rc.2(@deepseek-ai/cordis@4.0.4)(@deepseek-ai/dsh-invariants@0.1.7-rc.2(@deepseek-ai/cordis@4.0.4))))
      '@deepseek-ai/dsh-sandbox-policy': 0.1.7-rc.2(d5989c988b76beaa5bcdb2605840ee18)
      '@deepseek-ai/dsh-scope': 0.1.7-rc.2(@deepseek-ai/cordis@4.0.4)(@deepseek-ai/dsh-invariants@0.1.7-rc.2(@deepseek-ai/cordis@4.0.4))
      '@deepseek-ai/dsh-session': 0.1.7-rc.2(@deepseek-ai/cordis@4.0.4)(@deepseek-ai/dsh-scope@0.1.7-rc.2(@deepseek-ai/cordis@4.0.4)(@deepseek-ai/dsh-invariants@0.1.7-rc.2(@deepseek-ai/cordis@4.0.4)))
      '@deepseek-ai/dsh-system-prompt': 0.1.7-rc.2(@deepseek-ai/cordis@4.0.4)(@deepseek-ai/dsh-invariants@0.1.7-rc.2(@deepseek-ai/cordis@4.0.4))(@deepseek-ai/dsh-llm@0.1.7-rc.2(@deepseek-ai/cordis@4.0.4))(@deepseek-ai/dsh-scope@0.1.7-rc.2(@deepseek-ai/cordis@4.0.4)(@deepseek-ai/dsh-invariants@0.1.7-rc.2(@deepseek-ai/cordis@4.0.4)))
      '@deepseek-ai/dsh-user-approval': 0.1.7-rc.2(@deepseek-ai/cordis@4.0.4)(@deepseek-ai/dsh-agent@0.1.7-rc.2(60fa28e8b0153eb1629182d877696c60))(@deepseek-ai/dsh-brand@0.1.7-rc.2(@deepseek-ai/cordis@4.0.4))(@deepseek-ai/dsh-invariants@0.1.7-rc.2(@deepseek-ai/cordis@4.0.4))(@deepseek-ai/dsh-llm@0.1.7-rc.2(@deepseek-ai/cordis@4.0.4))(@deepseek-ai/dsh-scope@0.1.7-rc.2(@deepseek-ai/cordis@4.0.4)(@deepseek-ai/dsh-invariants@0.1.7-rc.2(@deepseek-ai/cordis@4.0.4)))(@deepseek-ai/dsh-session@0.1.7-rc.2(@deepseek-ai/cordis@4.0.4)(@deepseek-ai/dsh-scope@0.1.7-rc.2(@deepseek-ai/cordis@4.0.4)(@deepseek-ai/dsh-invariants@0.1.7-rc.2(@deepseek-ai/cordis@4.0.4))))(@deepseek-ai/dsh-system-prompt@0.1.7-rc.2(@deepseek-ai/cordis@4.0.4)(@deepseek-ai/dsh-invariants@0.1.7-rc.2(@deepseek-ai/cordis@4.0.4))(@deepseek-ai/dsh-llm@0.1.7-rc.2(@deepseek-ai/cordis@4.0.4))(@deepseek-ai/dsh-scope@0.1.7-rc.2(@deepseek-ai/cordis@4.0.4)(@deepseek-ai/dsh-invariants@0.1.7-rc.2(@deepseek-ai/cordis@4.0.4))))
      '@deepseek-ai/dsh-util-values': 0.1.7-rc.2(@deepseek-ai/cordis@4.0.4)
      '@deepseek-ai/schemastery': 3.18.4

  '@deepseek-ai/dsh-typert-protocol@0.1.7-rc.2(@deepseek-ai/cordis@4.0.4)':
    dependencies:
      '@deepseek-ai/cordis': 4.0.4
      '@deepseek-ai/dsh-brand': 0.1.7-rc.2(@deepseek-ai/cordis@4.0.4)

  '@deepseek-ai/dsh-user-approval@0.1.7-rc.2(@deepseek-ai/cordis@4.0.4)(@deepseek-ai/dsh-agent@0.1.7-rc.2(60fa28e8b0153eb1629182d877696c60))(@deepseek-ai/dsh-brand@0.1.7-rc.2(@deepseek-ai/cordis@4.0.4))(@deepseek-ai/dsh-invariants@0.1.7-rc.2(@deepseek-ai/cordis@4.0.4))(@deepseek-ai/dsh-llm@0.1.7-rc.2(@deepseek-ai/cordis@4.0.4))(@deepseek-ai/dsh-scope@0.1.7-rc.2(@deepseek-ai/cordis@4.0.4)(@deepseek-ai/dsh-invariants@0.1.7-rc.2(@deepseek-ai/cordis@4.0.4)))(@deepseek-ai/dsh-session@0.1.7-rc.2(@deepseek-ai/cordis@4.0.4)(@deepseek-ai/dsh-scope@0.1.7-rc.2(@deepseek-ai/cordis@4.0.4)(@deepseek-ai/dsh-invariants@0.1.7-rc.2(@deepseek-ai/cordis@4.0.4))))(@deepseek-ai/dsh-system-prompt@0.1.7-rc.2(@deepseek-ai/cordis@4.0.4)(@deepseek-ai/dsh-invariants@0.1.7-rc.2(@deepseek-ai/cordis@4.0.4))(@deepseek-ai/dsh-llm@0.1.7-rc.2(@deepseek-ai/cordis@4.0.4))(@deepseek-ai/dsh-scope@0.1.7-rc.2(@deepseek-ai/cordis@4.0.4)(@deepseek-ai/dsh-invariants@0.1.7-rc.2(@deepseek-ai/cordis@4.0.4))))':
    dependencies:
      '@deepseek-ai/cordis': 4.0.4
      '@deepseek-ai/dsh-agent': 0.1.7-rc.2(60fa28e8b0153eb1629182d877696c60)
      '@deepseek-ai/dsh-brand': 0.1.7-rc.2(@deepseek-ai/cordis@4.0.4)
      '@deepseek-ai/dsh-invariants': 0.1.7-rc.2(@deepseek-ai/cordis@4.0.4)
      '@deepseek-ai/dsh-llm': 0.1.7-rc.2(@deepseek-ai/cordis@4.0.4)
      '@deepseek-ai/dsh-scope': 0.1.7-rc.2(@deepseek-ai/cordis@4.0.4)(@deepseek-ai/dsh-invariants@0.1.7-rc.2(@deepseek-ai/cordis@4.0.4))
      '@deepseek-ai/dsh-session': 0.1.7-rc.2(@deepseek-ai/cordis@4.0.4)(@deepseek-ai/dsh-scope@0.1.7-rc.2(@deepseek-ai/cordis@4.0.4)(@deepseek-ai/dsh-invariants@0.1.7-rc.2(@deepseek-ai/cordis@4.0.4)))
      '@deepseek-ai/dsh-system-prompt': 0.1.7-rc.2(@deepseek-ai/cordis@4.0.4)(@deepseek-ai/dsh-invariants@0.1.7-rc.2(@deepseek-ai/cordis@4.0.4))(@deepseek-ai/dsh-llm@0.1.7-rc.2(@deepseek-ai/cordis@4.0.4))(@deepseek-ai/dsh-scope@0.1.7-rc.2(@deepseek-ai/cordis@4.0.4)(@deepseek-ai/dsh-invariants@0.1.7-rc.2(@deepseek-ai/cordis@4.0.4)))
      '@deepseek-ai/schemastery': 3.18.4

  '@deepseek-ai/dsh-util-crypto@0.1.7-rc.2(@deepseek-ai/cordis@4.0.4)':
    dependencies:
      '@deepseek-ai/cordis': 4.0.4

  '@deepseek-ai/dsh-util-values@0.1.7-rc.2(@deepseek-ai/cordis@4.0.4)':
    dependencies:
      '@deepseek-ai/cordis': 4.0.4

  '@deepseek-ai/schemastery@3.18.4':
    dependencies:
      '@deepseek-ai/cosmokit': 1.8.5
      '@standard-schema/spec': 1.1.0

  '@esbuild/aix-ppc64@0.28.2':
    optional: true

  '@esbuild/android-arm64@0.28.2':
    optional: true

  '@esbuild/android-arm@0.28.2':
    optional: true

  '@esbuild/android-x64@0.28.2':
    optional: true

  '@esbuild/darwin-arm64@0.28.2':
    optional: true

  '@esbuild/darwin-x64@0.28.2':
    optional: true

  '@esbuild/freebsd-arm64@0.28.2':
    optional: true

  '@esbuild/freebsd-x64@0.28.2':
    optional: true

  '@esbuild/linux-arm64@0.28.2':
    optional: true

  '@esbuild/linux-arm@0.28.2':
    optional: true

  '@esbuild/linux-ia32@0.28.2':
    optional: true

  '@esbuild/linux-loong64@0.28.2':
    optional: true

  '@esbuild/linux-mips64el@0.28.2':
    optional: true

  '@esbuild/linux-ppc64@0.28.2':
    optional: true

  '@esbuild/linux-riscv64@0.28.2':
    optional: true

  '@esbuild/linux-s390x@0.28.2':
    optional: true

  '@esbuild/linux-x64@0.28.2':
    optional: true

  '@esbuild/netbsd-arm64@0.28.2':
    optional: true

  '@esbuild/netbsd-x64@0.28.2':
    optional: true

  '@esbuild/openbsd-arm64@0.28.2':
    optional: true

  '@esbuild/openbsd-x64@0.28.2':
    optional: true

  '@esbuild/openharmony-arm64@0.28.2':
    optional: true

  '@esbuild/sunos-x64@0.28.2':
    optional: true

  '@esbuild/win32-arm64@0.28.2':
    optional: true

  '@esbuild/win32-ia32@0.28.2':
    optional: true

  '@esbuild/win32-x64@0.28.2':
    optional: true

  '@standard-schema/spec@1.1.0': {}

  '@types/node@18.19.130':
    dependencies:
      undici-types: 5.26.5

  '@types/node@22.20.4':
    dependencies:
      undici-types: 6.21.0

  '@types/prop-types@15.7.15': {}

  '@types/react@18.3.31':
    dependencies:
      '@types/prop-types': 15.7.15
      csstype: 3.2.3

  '@types/ssh2@1.15.6':
    dependencies:
      '@types/node': 18.19.130

  asn1@0.2.6:
    dependencies:
      safer-buffer: 2.1.2

  bcrypt-pbkdf@1.0.2:
    dependencies:
      tweetnacl: 0.14.5

  buildcheck@0.0.7:
    optional: true

  bytes@3.1.2: {}

  compressible@2.0.18:
    dependencies:
      mime-db: 1.54.0

  compression@1.8.2:
    dependencies:
      bytes: 3.1.2
      compressible: 2.0.18
      debug: 2.6.9
      destroy: 1.2.0
      negotiator: 0.6.4
      on-headers: 1.1.0
      safe-buffer: 5.2.1
      vary: 1.1.2
    transitivePeerDependencies:
      - supports-color

  content-type@2.1.0: {}

  cpu-features@0.0.10:
    dependencies:
      buildcheck: 0.0.7
      nan: 2.29.0
    optional: true

  csstype@3.2.3: {}

  debug@2.6.9:
    dependencies:
      ms: 2.0.0

  destroy@1.2.0: {}

  esbuild@0.28.2:
    optionalDependencies:
      '@esbuild/aix-ppc64': 0.28.2
      '@esbuild/android-arm': 0.28.2
      '@esbuild/android-arm64': 0.28.2
      '@esbuild/android-x64': 0.28.2
      '@esbuild/darwin-arm64': 0.28.2
      '@esbuild/darwin-x64': 0.28.2
      '@esbuild/freebsd-arm64': 0.28.2
      '@esbuild/freebsd-x64': 0.28.2
      '@esbuild/linux-arm': 0.28.2
      '@esbuild/linux-arm64': 0.28.2
      '@esbuild/linux-ia32': 0.28.2
      '@esbuild/linux-loong64': 0.28.2
      '@esbuild/linux-mips64el': 0.28.2
      '@esbuild/linux-ppc64': 0.28.2
      '@esbuild/linux-riscv64': 0.28.2
      '@esbuild/linux-s390x': 0.28.2
      '@esbuild/linux-x64': 0.28.2
      '@esbuild/netbsd-arm64': 0.28.2
      '@esbuild/netbsd-x64': 0.28.2
      '@esbuild/openbsd-arm64': 0.28.2
      '@esbuild/openbsd-x64': 0.28.2
      '@esbuild/openharmony-arm64': 0.28.2
      '@esbuild/sunos-x64': 0.28.2
      '@esbuild/win32-arm64': 0.28.2
      '@esbuild/win32-ia32': 0.28.2
      '@esbuild/win32-x64': 0.28.2

  fsevents@2.3.3:
    optional: true

  js-tokens@4.0.0: {}

  loose-envify@1.4.0:
    dependencies:
      js-tokens: 4.0.0

  mime-db@1.54.0: {}

  ms@2.0.0: {}

  nan@2.29.0:
    optional: true

  negotiator@0.6.4: {}

  negotiator@1.1.0:
    dependencies:
      content-type: 2.1.0

  on-headers@1.1.0: {}

  react@18.3.1:
    dependencies:
      loose-envify: 1.4.0

  safe-buffer@5.2.1: {}

  safer-buffer@2.1.2: {}

  ssh-config@5.3.0: {}

  ssh2@1.17.0:
    dependencies:
      asn1: 0.2.6
      bcrypt-pbkdf: 1.0.2
    optionalDependencies:
      cpu-features: 0.0.10
      nan: 2.29.0

  tsx@4.23.15:
    dependencies:
      esbuild: 0.28.2
    optionalDependencies:
      fsevents: 2.3.3

  tweetnacl@0.14.5: {}

  typescript@5.9.3: {}

  undici-types@5.26.5: {}

  undici-types@6.21.0: {}

  vary@1.1.2: {}

  yaml@2.9.1: {}

  zod@4.6.5: {}
